
Microsoft Visual Studio Solution File, Format Version 12.00
# Visual Studio Version 17
VisualStudioVersion = 17.5.33424.131
MinimumVisualStudioVersion = 10.0.40219.1
Project("{FAE04EC0-301F-11D3-BF4B-00C04F79EFBC}") = "DepartmentTask", "DepartmentTask.csproj", "{28387273-35F3-42B3-98EC-754CFAF70359}"
EndProject
Global
	GlobalSection(SolutionConfigurationPlatforms) = preSolution
		Debug|Any CPU = Debug|Any CPU
		Release|Any CPU = Release|Any CPU
	EndGlobalSection
	GlobalSection(ProjectConfigurationPlatforms) = postSolution
		{28387273-35F3-42B3-98EC-754CFAF70359}.Debug|Any CPU.ActiveCfg = Debug|Any CPU
		{28387273-35F3-42B3-98EC-754CFAF70359}.Debug|Any CPU.Build.0 = Debug|Any CPU
		{28387273-35F3-42B3-98EC-754CFAF70359}.Release|Any CPU.ActiveCfg = Release|Any CPU
		{28387273-35F3-42B3-98EC-754CFAF70359}.Release|Any CPU.Build.0 = Release|Any CPU
	EndGlobalSection
	GlobalSection(SolutionProperties) = preSolution
		HideSolutionNode = FALSE
	EndGlobalSection
	GlobalSection(ExtensibilityGlobals) = postSolution
		SolutionGuid = {D3EB1F92-6A56-44DF-BB7A-DC0C2CFB438B}
	EndGlobalSection
EndGlobal
